# This file is automatically @generated by Cargo.
# It is not intended for manual editing.
version = 4

[[package]]
name = "advent-of-code-2024"
version = "0.1.0"
dependencies = [
 "muncher",
]

[[package]]
name = "muncher"
version = "0.7.0"
source = "registry+https://github.com/rust-lang/crates.io-index"
checksum = "065977a4ad67db72b31171a6f578f493e19157d30f6a36c6030b36a26f0939eb"
